// !$*UTF8*$!
{
	archiveVersion = 1;
	classes = {
	};
	objectVersion = 56;
	objects = {

/* Begin PBXBuildFile section */
		4A34B144F12EA95D941FBDD2 /* Pods_TotersiOSTask.framework in Frameworks */ = {isa = PBXBuildFile; fileRef = 5514327A6C2D50ABCA7AAE47 /* Pods_TotersiOSTask.framework */; };
		D6546A5528E0E04100C2C810 /* CharacterCollectionViewCell.swift in Sources */ = {isa = PBXBuildFile; fileRef = D6546A5328E0E04100C2C810 /* CharacterCollectionViewCell.swift */; };
		D6546A5628E0E04100C2C810 /* CharacterCollectionViewCell.xib in Resources */ = {isa = PBXBuildFile; fileRef = D6546A5428E0E04100C2C810 /* CharacterCollectionViewCell.xib */; };
		D65F068328E0E1260037595E /* CharacterImageView.swift in Sources */ = {isa = PBXBuildFile; fileRef = D65F068228E0E1260037595E /* CharacterImageView.swift */; };
		D65F068528E0E44A0037595E /* MarvelCharactersViewController+CollectionView.swift in Sources */ = {isa = PBXBuildFile; fileRef = D65F068428E0E44A0037595E /* MarvelCharactersViewController+CollectionView.swift */; };
		D65F068728E0E51D0037595E /* UICollectionView+Extension.swift in Sources */ = {isa = PBXBuildFile; fileRef = D65F068628E0E51D0037595E /* UICollectionView+Extension.swift */; };
		D65F068928E0E5340037595E /* NSObject+Extension.swift in Sources */ = {isa = PBXBuildFile; fileRef = D65F068828E0E5340037595E /* NSObject+Extension.swift */; };
		D65F068E28E0F5E80037595E /* CharacterDetailsViewController.swift in Sources */ = {isa = PBXBuildFile; fileRef = D65F068C28E0F5E80037595E /* CharacterDetailsViewController.swift */; };
		D65F068F28E0F5E80037595E /* CharacterDetailsViewController.xib in Resources */ = {isa = PBXBuildFile; fileRef = D65F068D28E0F5E80037595E /* CharacterDetailsViewController.xib */; };
		D65F069228E0FC400037595E /* MarvelCharactersConfigurator.swift in Sources */ = {isa = PBXBuildFile; fileRef = D65F069128E0FC400037595E /* MarvelCharactersConfigurator.swift */; };
		D65F069428E0FCA30037595E /* MarvelCharactersViewProtocol.swift in Sources */ = {isa = PBXBuildFile; fileRef = D65F069328E0FCA30037595E /* MarvelCharactersViewProtocol.swift */; };
		D65F069628E10CAB0037595E /* MarvelCharactersInteractorProtocol.swift in Sources */ = {isa = PBXBuildFile; fileRef = D65F069528E10CAB0037595E /* MarvelCharactersInteractorProtocol.swift */; };
		D65F069828E118350037595E /* MarvelCharactersWorkerProtocol.swift in Sources */ = {isa = PBXBuildFile; fileRef = D65F069728E118350037595E /* MarvelCharactersWorkerProtocol.swift */; };
		D65F069A28E11FAA0037595E /* NetworkManager.swift in Sources */ = {isa = PBXBuildFile; fileRef = D65F069928E11FAA0037595E /* NetworkManager.swift */; };
		D65F069C28E12A6B0037595E /* MarvelCharactersPresenterProtocol.swift in Sources */ = {isa = PBXBuildFile; fileRef = D65F069B28E12A6B0037595E /* MarvelCharactersPresenterProtocol.swift */; };
		D65F069F28E136CE0037595E /* MarvelCharactersRouter.swift in Sources */ = {isa = PBXBuildFile; fileRef = D65F069E28E136CE0037595E /* MarvelCharactersRouter.swift */; };
		D65F06A128E136D80037595E /* MarvelCharactersRouterProtocol.swift in Sources */ = {isa = PBXBuildFile; fileRef = D65F06A028E136D80037595E /* MarvelCharactersRouterProtocol.swift */; };
		D65F06A328E1466B0037595E /* HTTPMethod.swift in Sources */ = {isa = PBXBuildFile; fileRef = D65F06A228E1466B0037595E /* HTTPMethod.swift */; };
		D6949A7328DF1AB2005600B8 /* AppDelegate.swift in Sources */ = {isa = PBXBuildFile; fileRef = D6949A7228DF1AB2005600B8 /* AppDelegate.swift */; };
		D6949A7528DF1AB2005600B8 /* SceneDelegate.swift in Sources */ = {isa = PBXBuildFile; fileRef = D6949A7428DF1AB2005600B8 /* SceneDelegate.swift */; };
		D6949A7728DF1AB2005600B8 /* ViewController.swift in Sources */ = {isa = PBXBuildFile; fileRef = D6949A7628DF1AB2005600B8 /* ViewController.swift */; };
		D6949A7A28DF1AB2005600B8 /* Main.storyboard in Resources */ = {isa = PBXBuildFile; fileRef = D6949A7828DF1AB2005600B8 /* Main.storyboard */; };
		D6949A7C28DF1AB3005600B8 /* Assets.xcassets in Resources */ = {isa = PBXBuildFile; fileRef = D6949A7B28DF1AB3005600B8 /* Assets.xcassets */; };
		D6949A7F28DF1AB3005600B8 /* LaunchScreen.storyboard in Resources */ = {isa = PBXBuildFile; fileRef = D6949A7D28DF1AB3005600B8 /* LaunchScreen.storyboard */; };
		D6949A8D28DF1C54005600B8 /* HandleAlamofireResponse.swift in Sources */ = {isa = PBXBuildFile; fileRef = D6949A8C28DF1C54005600B8 /* HandleAlamofireResponse.swift */; };
		D6949A8F28DF1C71005600B8 /* URLRequestBuilder.swift in Sources */ = {isa = PBXBuildFile; fileRef = D6949A8E28DF1C71005600B8 /* URLRequestBuilder.swift */; };
		D6949A9128DF1C7E005600B8 /* APIResponse.swift in Sources */ = {isa = PBXBuildFile; fileRef = D6949A9028DF1C7E005600B8 /* APIResponse.swift */; };
		D6949A9328DF1C8C005600B8 /* APIRequestHandler.swift in Sources */ = {isa = PBXBuildFile; fileRef = D6949A9228DF1C8C005600B8 /* APIRequestHandler.swift */; };
		D6949A9528DF1CA0005600B8 /* ResponseError.swift in Sources */ = {isa = PBXBuildFile; fileRef = D6949A9428DF1CA0005600B8 /* ResponseError.swift */; };
		D6949A9728DF1CB5005600B8 /* ServerResponse.swift in Sources */ = {isa = PBXBuildFile; fileRef = D6949A9628DF1CB5005600B8 /* ServerResponse.swift */; };
		D6949A9928DF1CDC005600B8 /* Response.swift in Sources */ = {isa = PBXBuildFile; fileRef = D6949A9828DF1CDC005600B8 /* Response.swift */; };
		D6949A9E28DF3469005600B8 /* CodableInit.swift in Sources */ = {isa = PBXBuildFile; fileRef = D6949A9D28DF3469005600B8 /* CodableInit.swift */; };
		D6A887D628DF70F6001F4667 /* CharactersManager.swift in Sources */ = {isa = PBXBuildFile; fileRef = D6A887D528DF70F6001F4667 /* CharactersManager.swift */; };
		D6A887DA28DF7C3E001F4667 /* CharactersModel.swift in Sources */ = {isa = PBXBuildFile; fileRef = D6A887D928DF7C3E001F4667 /* CharactersModel.swift */; };
		D6A887DF28DF8006001F4667 /* CharacterStoriesResponse.swift in Sources */ = {isa = PBXBuildFile; fileRef = D6A887DE28DF8006001F4667 /* CharacterStoriesResponse.swift */; };
		D6A887E328DF8563001F4667 /* Network.swift in Sources */ = {isa = PBXBuildFile; fileRef = D6A887E228DF8563001F4667 /* Network.swift */; };
		D6A887E528DF8AEC001F4667 /* CharactersRouter.swift in Sources */ = {isa = PBXBuildFile; fileRef = D6A887E428DF8AEC001F4667 /* CharactersRouter.swift */; };
		D6A887E828DF9068001F4667 /* String+Extension.swift in Sources */ = {isa = PBXBuildFile; fileRef = D6A887E728DF9068001F4667 /* String+Extension.swift */; };
		D6A887EA28DFA6C7001F4667 /* CharacterDetailsResponse.swift in Sources */ = {isa = PBXBuildFile; fileRef = D6A887E928DFA6C7001F4667 /* CharacterDetailsResponse.swift */; };
		D6A887EC28DFA760001F4667 /* CharacterComicsResponse.swift in Sources */ = {isa = PBXBuildFile; fileRef = D6A887EB28DFA760001F4667 /* CharacterComicsResponse.swift */; };
		D6A887EE28DFA8A8001F4667 /* CharacterEventsResponse.swift in Sources */ = {isa = PBXBuildFile; fileRef = D6A887ED28DFA8A8001F4667 /* CharacterEventsResponse.swift */; };
		D6A887F028DFC30D001F4667 /* CharacterSeriesResponse.swift in Sources */ = {isa = PBXBuildFile; fileRef = D6A887EF28DFC30D001F4667 /* CharacterSeriesResponse.swift */; };
		D6A887F428DFF573001F4667 /* MarvelCharactersViewController.swift in Sources */ = {isa = PBXBuildFile; fileRef = D6A887F228DFF573001F4667 /* MarvelCharactersViewController.swift */; };
		D6A887F528DFF573001F4667 /* MarvelCharactersViewController.xib in Resources */ = {isa = PBXBuildFile; fileRef = D6A887F328DFF573001F4667 /* MarvelCharactersViewController.xib */; };
		D6A887F828DFF58D001F4667 /* MarvelCharactersInteractor.swift in Sources */ = {isa = PBXBuildFile; fileRef = D6A887F728DFF58D001F4667 /* MarvelCharactersInteractor.swift */; };
		D6A887FB28DFF5A7001F4667 /* MarvelCharactersPresenter.swift in Sources */ = {isa = PBXBuildFile; fileRef = D6A887FA28DFF5A7001F4667 /* MarvelCharactersPresenter.swift */; };
		D6A887FE28DFF5F3001F4667 /* MarvelCharactersWorker.swift in Sources */ = {isa = PBXBuildFile; fileRef = D6A887FD28DFF5F3001F4667 /* MarvelCharactersWorker.swift */; };
/* End PBXBuildFile section */

/* Begin PBXFileReference section */
		5514327A6C2D50ABCA7AAE47 /* Pods_TotersiOSTask.framework */ = {isa = PBXFileReference; explicitFileType = wrapper.framework; includeInIndex = 0; path = Pods_TotersiOSTask.framework; sourceTree = BUILT_PRODUCTS_DIR; };
		8C7C637789337B06856E9D10 /* Pods-TotersiOSTask.debug.xcconfig */ = {isa = PBXFileReference; includeInIndex = 1; lastKnownFileType = text.xcconfig; name = "Pods-TotersiOSTask.debug.xcconfig"; path = "Target Support Files/Pods-TotersiOSTask/Pods-TotersiOSTask.debug.xcconfig"; sourceTree = "<group>"; };
		CA843D7B0662E10BC3557750 /* Pods-TotersiOSTask.release.xcconfig */ = {isa = PBXFileReference; includeInIndex = 1; lastKnownFileType = text.xcconfig; name = "Pods-TotersiOSTask.release.xcconfig"; path = "Target Support Files/Pods-TotersiOSTask/Pods-TotersiOSTask.release.xcconfig"; sourceTree = "<group>"; };
		D6546A5328E0E04100C2C810 /* CharacterCollectionViewCell.swift */ = {isa = PBXFileReference; lastKnownFileType = sourcecode.swift; path = CharacterCollectionViewCell.swift; sourceTree = "<group>"; };
		D6546A5428E0E04100C2C810 /* CharacterCollectionViewCell.xib */ = {isa = PBXFileReference; lastKnownFileType = file.xib; path = CharacterCollectionViewCell.xib; sourceTree = "<group>"; };
		D65F068228E0E1260037595E /* CharacterImageView.swift */ = {isa = PBXFileReference; lastKnownFileType = sourcecode.swift; path = CharacterImageView.swift; sourceTree = "<group>"; };
		D65F068428E0E44A0037595E /* MarvelCharactersViewController+CollectionView.swift */ = {isa = PBXFileReference; lastKnownFileType = sourcecode.swift; path = "MarvelCharactersViewController+CollectionView.swift"; sourceTree = "<group>"; };
		D65F068628E0E51D0037595E /* UICollectionView+Extension.swift */ = {isa = PBXFileReference; lastKnownFileType = sourcecode.swift; path = "UICollectionView+Extension.swift"; sourceTree = "<group>"; };
		D65F068828E0E5340037595E /* NSObject+Extension.swift */ = {isa = PBXFileReference; lastKnownFileType = sourcecode.swift; path = "NSObject+Extension.swift"; sourceTree = "<group>"; };
		D65F068C28E0F5E80037595E /* CharacterDetailsViewController.swift */ = {isa = PBXFileReference; lastKnownFileType = sourcecode.swift; path = CharacterDetailsViewController.swift; sourceTree = "<group>"; };
		D65F068D28E0F5E80037595E /* CharacterDetailsViewController.xib */ = {isa = PBXFileReference; lastKnownFileType = file.xib; path = CharacterDetailsViewController.xib; sourceTree = "<group>"; };
		D65F069128E0FC400037595E /* MarvelCharactersConfigurator.swift */ = {isa = PBXFileReference; lastKnownFileType = sourcecode.swift; path = MarvelCharactersConfigurator.swift; sourceTree = "<group>"; };
		D65F069328E0FCA30037595E /* MarvelCharactersViewProtocol.swift */ = {isa = PBXFileReference; lastKnownFileType = sourcecode.swift; path = MarvelCharactersViewProtocol.swift; sourceTree = "<group>"; };
		D65F069528E10CAB0037595E /* MarvelCharactersInteractorProtocol.swift */ = {isa = PBXFileReference; lastKnownFileType = sourcecode.swift; path = MarvelCharactersInteractorProtocol.swift; sourceTree = "<group>"; };
		D65F069728E118350037595E /* MarvelCharactersWorkerProtocol.swift */ = {isa = PBXFileReference; lastKnownFileType = sourcecode.swift; path = MarvelCharactersWorkerProtocol.swift; sourceTree = "<group>"; };
		D65F069928E11FAA0037595E /* NetworkManager.swift */ = {isa = PBXFileReference; lastKnownFileType = sourcecode.swift; path = NetworkManager.swift; sourceTree = "<group>"; };
		D65F069B28E12A6B0037595E /* MarvelCharactersPresenterProtocol.swift */ = {isa = PBXFileReference; lastKnownFileType = sourcecode.swift; path = MarvelCharactersPresenterProtocol.swift; sourceTree = "<group>"; };
		D65F069E28E136CE0037595E /* MarvelCharactersRouter.swift */ = {isa = PBXFileReference; lastKnownFileType = sourcecode.swift; path = MarvelCharactersRouter.swift; sourceTree = "<group>"; };
		D65F06A028E136D80037595E /* MarvelCharactersRouterProtocol.swift */ = {isa = PBXFileReference; lastKnownFileType = sourcecode.swift; path = MarvelCharactersRouterProtocol.swift; sourceTree = "<group>"; };
		D65F06A228E1466B0037595E /* HTTPMethod.swift */ = {isa = PBXFileReference; lastKnownFileType = sourcecode.swift; path = HTTPMethod.swift; sourceTree = "<group>"; };
		D6949A6F28DF1AB2005600B8 /* TotersiOSTask.app */ = {isa = PBXFileReference; explicitFileType = wrapper.application; includeInIndex = 0; path = TotersiOSTask.app; sourceTree = BUILT_PRODUCTS_DIR; };
		D6949A7228DF1AB2005600B8 /* AppDelegate.swift */ = {isa = PBXFileReference; lastKnownFileType = sourcecode.swift; path = AppDelegate.swift; sourceTree = "<group>"; };
		D6949A7428DF1AB2005600B8 /* SceneDelegate.swift */ = {isa = PBXFileReference; lastKnownFileType = sourcecode.swift; path = SceneDelegate.swift; sourceTree = "<group>"; };
		D6949A7628DF1AB2005600B8 /* ViewController.swift */ = {isa = PBXFileReference; lastKnownFileType = sourcecode.swift; path = ViewController.swift; sourceTree = "<group>"; };
		D6949A7928DF1AB2005600B8 /* Base */ = {isa = PBXFileReference; lastKnownFileType = file.storyboard; name = Base; path = Base.lproj/Main.storyboard; sourceTree = "<group>"; };
		D6949A7B28DF1AB3005600B8 /* Assets.xcassets */ = {isa = PBXFileReference; lastKnownFileType = folder.assetcatalog; path = Assets.xcassets; sourceTree = "<group>"; };
		D6949A7E28DF1AB3005600B8 /* Base */ = {isa = PBXFileReference; lastKnownFileType = file.storyboard; name = Base; path = Base.lproj/LaunchScreen.storyboard; sourceTree = "<group>"; };
		D6949A8028DF1AB3005600B8 /* Info.plist */ = {isa = PBXFileReference; lastKnownFileType = text.plist.xml; path = Info.plist; sourceTree = "<group>"; };
		D6949A8C28DF1C54005600B8 /* HandleAlamofireResponse.swift */ = {isa = PBXFileReference; lastKnownFileType = sourcecode.swift; path = HandleAlamofireResponse.swift; sourceTree = "<group>"; };
		D6949A8E28DF1C71005600B8 /* URLRequestBuilder.swift */ = {isa = PBXFileReference; lastKnownFileType = sourcecode.swift; path = URLRequestBuilder.swift; sourceTree = "<group>"; };
		D6949A9028DF1C7E005600B8 /* APIResponse.swift */ = {isa = PBXFileReference; lastKnownFileType = sourcecode.swift; path = APIResponse.swift; sourceTree = "<group>"; };
		D6949A9228DF1C8C005600B8 /* APIRequestHandler.swift */ = {isa = PBXFileReference; lastKnownFileType = sourcecode.swift; path = APIRequestHandler.swift; sourceTree = "<group>"; };
		D6949A9428DF1CA0005600B8 /* ResponseError.swift */ = {isa = PBXFileReference; lastKnownFileType = sourcecode.swift; path = ResponseError.swift; sourceTree = "<group>"; };
		D6949A9628DF1CB5005600B8 /* ServerResponse.swift */ = {isa = PBXFileReference; lastKnownFileType = sourcecode.swift; path = ServerResponse.swift; sourceTree = "<group>"; };
		D6949A9828DF1CDC005600B8 /* Response.swift */ = {isa = PBXFileReference; lastKnownFileType = sourcecode.swift; path = Response.swift; sourceTree = "<group>"; };
		D6949A9D28DF3469005600B8 /* CodableInit.swift */ = {isa = PBXFileReference; lastKnownFileType = sourcecode.swift; path = CodableInit.swift; sourceTree = "<group>"; };
		D6A887D528DF70F6001F4667 /* CharactersManager.swift */ = {isa = PBXFileReference; lastKnownFileType = sourcecode.swift; path = CharactersManager.swift; sourceTree = "<group>"; };
		D6A887D928DF7C3E001F4667 /* CharactersModel.swift */ = {isa = PBXFileReference; lastKnownFileType = sourcecode.swift; path = CharactersModel.swift; sourceTree = "<group>"; };
		D6A887DE28DF8006001F4667 /* CharacterStoriesResponse.swift */ = {isa = PBXFileReference; lastKnownFileType = sourcecode.swift; path = CharacterStoriesResponse.swift; sourceTree = "<group>"; };
		D6A887E228DF8563001F4667 /* Network.swift */ = {isa = PBXFileReference; lastKnownFileType = sourcecode.swift; path = Network.swift; sourceTree = "<group>"; };
		D6A887E428DF8AEC001F4667 /* CharactersRouter.swift */ = {isa = PBXFileReference; lastKnownFileType = sourcecode.swift; path = CharactersRouter.swift; sourceTree = "<group>"; };
		D6A887E728DF9068001F4667 /* String+Extension.swift */ = {isa = PBXFileReference; lastKnownFileType = sourcecode.swift; path = "String+Extension.swift"; sourceTree = "<group>"; };
		D6A887E928DFA6C7001F4667 /* CharacterDetailsResponse.swift */ = {isa = PBXFileReference; lastKnownFileType = sourcecode.swift; path = CharacterDetailsResponse.swift; sourceTree = "<group>"; };
		D6A887EB28DFA760001F4667 /* CharacterComicsResponse.swift */ = {isa = PBXFileReference; lastKnownFileType = sourcecode.swift; path = CharacterComicsResponse.swift; sourceTree = "<group>"; };
		D6A887ED28DFA8A8001F4667 /* CharacterEventsResponse.swift */ = {isa = PBXFileReference; lastKnownFileType = sourcecode.swift; path = CharacterEventsResponse.swift; sourceTree = "<group>"; };
		D6A887EF28DFC30D001F4667 /* CharacterSeriesResponse.swift */ = {isa = PBXFileReference; lastKnownFileType = sourcecode.swift; path = CharacterSeriesResponse.swift; sourceTree = "<group>"; };
		D6A887F228DFF573001F4667 /* MarvelCharactersViewController.swift */ = {isa = PBXFileReference; lastKnownFileType = sourcecode.swift; path = MarvelCharactersViewController.swift; sourceTree = "<group>"; };
		D6A887F328DFF573001F4667 /* MarvelCharactersViewController.xib */ = {isa = PBXFileReference; lastKnownFileType = file.xib; path = MarvelCharactersViewController.xib; sourceTree = "<group>"; };
		D6A887F728DFF58D001F4667 /* MarvelCharactersInteractor.swift */ = {isa = PBXFileReference; lastKnownFileType = sourcecode.swift; path = MarvelCharactersInteractor.swift; sourceTree = "<group>"; };
		D6A887FA28DFF5A7001F4667 /* MarvelCharactersPresenter.swift */ = {isa = PBXFileReference; lastKnownFileType = sourcecode.swift; path = MarvelCharactersPresenter.swift; sourceTree = "<group>"; };
		D6A887FD28DFF5F3001F4667 /* MarvelCharactersWorker.swift */ = {isa = PBXFileReference; lastKnownFileType = sourcecode.swift; path = MarvelCharactersWorker.swift; sourceTree = "<group>"; };
/* End PBXFileReference section */

/* Begin PBXFrameworksBuildPhase section */
		D6949A6C28DF1AB2005600B8 /* Frameworks */ = {
			isa = PBXFrameworksBuildPhase;
			buildActionMask = 2147483647;
			files = (
				4A34B144F12EA95D941FBDD2 /* Pods_TotersiOSTask.framework in Frameworks */,
			);
			runOnlyForDeploymentPostprocessing = 0;
		};
/* End PBXFrameworksBuildPhase section */

/* Begin PBXGroup section */
		10743CEC7EDE3846166C4710 /* Pods */ = {
			isa = PBXGroup;
			children = (
				8C7C637789337B06856E9D10 /* Pods-TotersiOSTask.debug.xcconfig */,
				CA843D7B0662E10BC3557750 /* Pods-TotersiOSTask.release.xcconfig */,
			);
			path = Pods;
			sourceTree = "<group>";
		};
		C9A17C5883B88C673BE229F5 /* Frameworks */ = {
			isa = PBXGroup;
			children = (
				5514327A6C2D50ABCA7AAE47 /* Pods_TotersiOSTask.framework */,
			);
			name = Frameworks;
			sourceTree = "<group>";
		};
		D6546A5228E0E01700C2C810 /* Cell */ = {
			isa = PBXGroup;
			children = (
				D6546A5328E0E04100C2C810 /* CharacterCollectionViewCell.swift */,
				D6546A5428E0E04100C2C810 /* CharacterCollectionViewCell.xib */,
			);
			path = Cell;
			sourceTree = "<group>";
		};
		D65F068128E0E1040037595E /* ImageView */ = {
			isa = PBXGroup;
			children = (
				D65F068228E0E1260037595E /* CharacterImageView.swift */,
			);
			path = ImageView;
			sourceTree = "<group>";
		};
		D65F068B28E0F5C00037595E /* View */ = {
			isa = PBXGroup;
			children = (
				D65F068C28E0F5E80037595E /* CharacterDetailsViewController.swift */,
				D65F068D28E0F5E80037595E /* CharacterDetailsViewController.xib */,
			);
			path = View;
			sourceTree = "<group>";
		};
		D65F069028E0FC240037595E /* Configurator */ = {
			isa = PBXGroup;
			children = (
				D65F069128E0FC400037595E /* MarvelCharactersConfigurator.swift */,
			);
			path = Configurator;
			sourceTree = "<group>";
		};
		D65F069D28E136B20037595E /* Router */ = {
			isa = PBXGroup;
			children = (
				D65F06A028E136D80037595E /* MarvelCharactersRouterProtocol.swift */,
				D65F069E28E136CE0037595E /* MarvelCharactersRouter.swift */,
			);
			path = Router;
			sourceTree = "<group>";
		};
		D6949A6628DF1AB2005600B8 = {
			isa = PBXGroup;
			children = (
				D6949A7128DF1AB2005600B8 /* TotersiOSTask */,
				D6949A7028DF1AB2005600B8 /* Products */,
				10743CEC7EDE3846166C4710 /* Pods */,
				C9A17C5883B88C673BE229F5 /* Frameworks */,
			);
			sourceTree = "<group>";
		};
		D6949A7028DF1AB2005600B8 /* Products */ = {
			isa = PBXGroup;
			children = (
				D6949A6F28DF1AB2005600B8 /* TotersiOSTask.app */,
			);
			name = Products;
			sourceTree = "<group>";
		};
		D6949A7128DF1AB2005600B8 /* TotersiOSTask */ = {
			isa = PBXGroup;
			children = (
				D6A887D228DF7072001F4667 /* Features */,
				D6949A8728DF1BE6005600B8 /* Utilities */,
				D6949A8628DF1BB0005600B8 /* Network */,
				D6949A7228DF1AB2005600B8 /* AppDelegate.swift */,
				D6949A7428DF1AB2005600B8 /* SceneDelegate.swift */,
				D6949A7628DF1AB2005600B8 /* ViewController.swift */,
				D6949A7828DF1AB2005600B8 /* Main.storyboard */,
				D6949A7B28DF1AB3005600B8 /* Assets.xcassets */,
				D6949A7D28DF1AB3005600B8 /* LaunchScreen.storyboard */,
				D6949A8028DF1AB3005600B8 /* Info.plist */,
			);
			path = TotersiOSTask;
			sourceTree = "<group>";
		};
		D6949A8628DF1BB0005600B8 /* Network */ = {
			isa = PBXGroup;
			children = (
				D6949A8B28DF1C37005600B8 /* Routers */,
				D6949A8A28DF1C2E005600B8 /* Response Handling */,
				D6949A8928DF1C27005600B8 /* Protocols */,
				D65F069928E11FAA0037595E /* NetworkManager.swift */,
				D65F06A228E1466B0037595E /* HTTPMethod.swift */,
			);
			path = Network;
			sourceTree = "<group>";
		};
		D6949A8728DF1BE6005600B8 /* Utilities */ = {
			isa = PBXGroup;
			children = (
				D65F068128E0E1040037595E /* ImageView */,
				D6A887E628DF9056001F4667 /* Extensions */,
				D6A887E028DF837F001F4667 /* Constants */,
			);
			path = Utilities;
			sourceTree = "<group>";
		};
		D6949A8928DF1C27005600B8 /* Protocols */ = {
			isa = PBXGroup;
			children = (
				D6949A8C28DF1C54005600B8 /* HandleAlamofireResponse.swift */,
				D6949A8E28DF1C71005600B8 /* URLRequestBuilder.swift */,
				D6949A9028DF1C7E005600B8 /* APIResponse.swift */,
				D6949A9228DF1C8C005600B8 /* APIRequestHandler.swift */,
				D6949A9D28DF3469005600B8 /* CodableInit.swift */,
			);
			path = Protocols;
			sourceTree = "<group>";
		};
		D6949A8A28DF1C2E005600B8 /* Response Handling */ = {
			isa = PBXGroup;
			children = (
				D6949A9428DF1CA0005600B8 /* ResponseError.swift */,
				D6949A9628DF1CB5005600B8 /* ServerResponse.swift */,
				D6949A9828DF1CDC005600B8 /* Response.swift */,
			);
			path = "Response Handling";
			sourceTree = "<group>";
		};
		D6949A8B28DF1C37005600B8 /* Routers */ = {
			isa = PBXGroup;
			children = (
				D6A887E428DF8AEC001F4667 /* CharactersRouter.swift */,
			);
			path = Routers;
			sourceTree = "<group>";
		};
		D6A887D228DF7072001F4667 /* Features */ = {
			isa = PBXGroup;
			children = (
				D6A887DB28DF7FC5001F4667 /* MarvelCharacterDetails */,
				D6A887D328DF7078001F4667 /* MarvelCharacters */,
			);
			path = Features;
			sourceTree = "<group>";
		};
		D6A887D328DF7078001F4667 /* MarvelCharacters */ = {
			isa = PBXGroup;
			children = (
				D6A887D428DF7082001F4667 /* Data */,
				D6A887D828DF7C00001F4667 /* Model */,
				D65F069028E0FC240037595E /* Configurator */,
				D6A887FC28DFF5E4001F4667 /* Worker */,
				D6A887F628DFF57A001F4667 /* Interactor */,
				D6A887F928DFF592001F4667 /* Presenter */,
				D6A887F128DFF545001F4667 /* View */,
				D65F069D28E136B20037595E /* Router */,
			);
			path = MarvelCharacters;
			sourceTree = "<group>";
		};
		D6A887D428DF7082001F4667 /* Data */ = {
			isa = PBXGroup;
			children = (
				D6A887D528DF70F6001F4667 /* CharactersManager.swift */,
			);
			path = Data;
			sourceTree = "<group>";
		};
		D6A887D828DF7C00001F4667 /* Model */ = {
			isa = PBXGroup;
			children = (
				D6A887D928DF7C3E001F4667 /* CharactersModel.swift */,
			);
			path = Model;
			sourceTree = "<group>";
		};
		D6A887DB28DF7FC5001F4667 /* MarvelCharacterDetails */ = {
			isa = PBXGroup;
			children = (
				D6A887DC28DF7FD5001F4667 /* Data */,
				D6A887DD28DF7FD9001F4667 /* Model */,
				D65F068B28E0F5C00037595E /* View */,
			);
			path = MarvelCharacterDetails;
			sourceTree = "<group>";
		};
		D6A887DC28DF7FD5001F4667 /* Data */ = {
			isa = PBXGroup;
			children = (
			);
			path = Data;
			sourceTree = "<group>";
		};
		D6A887DD28DF7FD9001F4667 /* Model */ = {
			isa = PBXGroup;
			children = (
				D6A887E928DFA6C7001F4667 /* CharacterDetailsResponse.swift */,
				D6A887EB28DFA760001F4667 /* CharacterComicsResponse.swift */,
				D6A887ED28DFA8A8001F4667 /* CharacterEventsResponse.swift */,
				D6A887DE28DF8006001F4667 /* CharacterStoriesResponse.swift */,
				D6A887EF28DFC30D001F4667 /* CharacterSeriesResponse.swift */,
			);
			path = Model;
			sourceTree = "<group>";
		};
		D6A887E028DF837F001F4667 /* Constants */ = {
			isa = PBXGroup;
			children = (
				D6A887E228DF8563001F4667 /* Network.swift */,
			);
			path = Constants;
			sourceTree = "<group>";
		};
		D6A887E628DF9056001F4667 /* Extensions */ = {
			isa = PBXGroup;
			children = (
				D6A887E728DF9068001F4667 /* String+Extension.swift */,
				D65F068628E0E51D0037595E /* UICollectionView+Extension.swift */,
				D65F068828E0E5340037595E /* NSObject+Extension.swift */,
			);
			path = Extensions;
			sourceTree = "<group>";
		};
		D6A887F128DFF545001F4667 /* View */ = {
			isa = PBXGroup;
			children = (
				D6546A5228E0E01700C2C810 /* Cell */,
				D65F069328E0FCA30037595E /* MarvelCharactersViewProtocol.swift */,
				D6A887F228DFF573001F4667 /* MarvelCharactersViewController.swift */,
				D65F068428E0E44A0037595E /* MarvelCharactersViewController+CollectionView.swift */,
				D6A887F328DFF573001F4667 /* MarvelCharactersViewController.xib */,
			);
			path = View;
			sourceTree = "<group>";
		};
		D6A887F628DFF57A001F4667 /* Interactor */ = {
			isa = PBXGroup;
			children = (
				D65F069528E10CAB0037595E /* MarvelCharactersInteractorProtocol.swift */,
				D6A887F728DFF58D001F4667 /* MarvelCharactersInteractor.swift */,
			);
			path = Interactor;
			sourceTree = "<group>";
		};
		D6A887F928DFF592001F4667 /* Presenter */ = {
			isa = PBXGroup;
			children = (
				D65F069B28E12A6B0037595E /* MarvelCharactersPresenterProtocol.swift */,
				D6A887FA28DFF5A7001F4667 /* MarvelCharactersPresenter.swift */,
			);
			path = Presenter;
			sourceTree = "<group>";
		};
		D6A887FC28DFF5E4001F4667 /* Worker */ = {
			isa = PBXGroup;
			children = (
				D65F069728E118350037595E /* MarvelCharactersWorkerProtocol.swift */,
				D6A887FD28DFF5F3001F4667 /* MarvelCharactersWorker.swift */,
			);
			path = Worker;
			sourceTree = "<group>";
		};
/* End PBXGroup section */

/* Begin PBXNativeTarget section */
		D6949A6E28DF1AB2005600B8 /* TotersiOSTask */ = {
			isa = PBXNativeTarget;
			buildConfigurationList = D6949A8328DF1AB3005600B8 /* Build configuration list for PBXNativeTarget "TotersiOSTask" */;
			buildPhases = (
				ACE1124F83B9CD079CE4CBB4 /* [CP] Check Pods Manifest.lock */,
				D6949A6B28DF1AB2005600B8 /* Sources */,
				D6949A6C28DF1AB2005600B8 /* Frameworks */,
				D6949A6D28DF1AB2005600B8 /* Resources */,
				CFB9DDED77677807C1695F12 /* [CP] Embed Pods Frameworks */,
			);
			buildRules = (
			);
			dependencies = (
			);
			name = TotersiOSTask;
			productName = TotersiOSTask;
			productReference = D6949A6F28DF1AB2005600B8 /* TotersiOSTask.app */;
			productType = "com.apple.product-type.application";
		};
/* End PBXNativeTarget section */

/* Begin PBXProject section */
		D6949A6728DF1AB2005600B8 /* Project object */ = {
			isa = PBXProject;
			attributes = {
				BuildIndependentTargetsInParallel = 1;
				LastSwiftUpdateCheck = 1400;
				LastUpgradeCheck = 1400;
				TargetAttributes = {
					D6949A6E28DF1AB2005600B8 = {
						CreatedOnToolsVersion = 14.0;
					};
				};
			};
			buildConfigurationList = D6949A6A28DF1AB2005600B8 /* Build configuration list for PBXProject "TotersiOSTask" */;
			compatibilityVersion = "Xcode 14.0";
			developmentRegion = en;
			hasScannedForEncodings = 0;
			knownRegions = (
				en,
				Base,
			);
			mainGroup = D6949A6628DF1AB2005600B8;
			productRefGroup = D6949A7028DF1AB2005600B8 /* Products */;
			projectDirPath = "";
			projectRoot = "";
			targets = (
				D6949A6E28DF1AB2005600B8 /* TotersiOSTask */,
			);
		};
/* End PBXProject section */

/* Begin PBXResourcesBuildPhase section */
		D6949A6D28DF1AB2005600B8 /* Resources */ = {
			isa = PBXResourcesBuildPhase;
			buildActionMask = 2147483647;
			files = (
				D6949A7F28DF1AB3005600B8 /* LaunchScreen.storyboard in Resources */,
				D6A887F528DFF573001F4667 /* MarvelCharactersViewController.xib in Resources */,
				D6949A7C28DF1AB3005600B8 /* Assets.xcassets in Resources */,
				D65F068F28E0F5E80037595E /* CharacterDetailsViewController.xib in Resources */,
				D6546A5628E0E04100C2C810 /* CharacterCollectionViewCell.xib in Resources */,
				D6949A7A28DF1AB2005600B8 /* Main.storyboard in Resources */,
			);
			runOnlyForDeploymentPostprocessing = 0;
		};
/* End PBXResourcesBuildPhase section */

/* Begin PBXShellScriptBuildPhase section */
		ACE1124F83B9CD079CE4CBB4 /* [CP] Check Pods Manifest.lock */ = {
			isa = PBXShellScriptBuildPhase;
			buildActionMask = 2147483647;
			files = (
			);
			inputFileListPaths = (
			);
			inputPaths = (
				"${PODS_PODFILE_DIR_PATH}/Podfile.lock",
				"${PODS_ROOT}/Manifest.lock",
			);
			name = "[CP] Check Pods Manifest.lock";
			outputFileListPaths = (
			);
			outputPaths = (
				"$(DERIVED_FILE_DIR)/Pods-TotersiOSTask-checkManifestLockResult.txt",
			);
			runOnlyForDeploymentPostprocessing = 0;
			shellPath = /bin/sh;
			shellScript = "diff \"${PODS_PODFILE_DIR_PATH}/Podfile.lock\" \"${PODS_ROOT}/Manifest.lock\" > /dev/null\nif [ $? != 0 ] ; then\n    # print error to STDERR\n    echo \"error: The sandbox is not in sync with the Podfile.lock. Run 'pod install' or update your CocoaPods installation.\" >&2\n    exit 1\nfi\n# This output is used by Xcode 'outputs' to avoid re-running this script phase.\necho \"SUCCESS\" > \"${SCRIPT_OUTPUT_FILE_0}\"\n";
			showEnvVarsInLog = 0;
		};
		CFB9DDED77677807C1695F12 /* [CP] Embed Pods Frameworks */ = {
			isa = PBXShellScriptBuildPhase;
			buildActionMask = 2147483647;
			files = (
			);
			inputFileListPaths = (
				"${PODS_ROOT}/Target Support Files/Pods-TotersiOSTask/Pods-TotersiOSTask-frameworks-${CONFIGURATION}-input-files.xcfilelist",
			);
			name = "[CP] Embed Pods Frameworks";
			outputFileListPaths = (
				"${PODS_ROOT}/Target Support Files/Pods-TotersiOSTask/Pods-TotersiOSTask-frameworks-${CONFIGURATION}-output-files.xcfilelist",
			);
			runOnlyForDeploymentPostprocessing = 0;
			shellPath = /bin/sh;
			shellScript = "\"${PODS_ROOT}/Target Support Files/Pods-TotersiOSTask/Pods-TotersiOSTask-frameworks.sh\"\n";
			showEnvVarsInLog = 0;
		};
/* End PBXShellScriptBuildPhase section */

/* Begin PBXSourcesBuildPhase section */
		D6949A6B28DF1AB2005600B8 /* Sources */ = {
			isa = PBXSourcesBuildPhase;
			buildActionMask = 2147483647;
			files = (
				D65F06A128E136D80037595E /* MarvelCharactersRouterProtocol.swift in Sources */,
				D65F069A28E11FAA0037595E /* NetworkManager.swift in Sources */,
				D6949A7728DF1AB2005600B8 /* ViewController.swift in Sources */,
				D6A887D628DF70F6001F4667 /* CharactersManager.swift in Sources */,
				D6A887E528DF8AEC001F4667 /* CharactersRouter.swift in Sources */,
				D6949A8F28DF1C71005600B8 /* URLRequestBuilder.swift in Sources */,
				D6949A9E28DF3469005600B8 /* CodableInit.swift in Sources */,
				D6949A7328DF1AB2005600B8 /* AppDelegate.swift in Sources */,
				D6949A7528DF1AB2005600B8 /* SceneDelegate.swift in Sources */,
				D6949A9928DF1CDC005600B8 /* Response.swift in Sources */,
				D6546A5528E0E04100C2C810 /* CharacterCollectionViewCell.swift in Sources */,
				D65F068328E0E1260037595E /* CharacterImageView.swift in Sources */,
				D6A887E828DF9068001F4667 /* String+Extension.swift in Sources */,
				D65F069828E118350037595E /* MarvelCharactersWorkerProtocol.swift in Sources */,
				D6A887E328DF8563001F4667 /* Network.swift in Sources */,
				D6949A8D28DF1C54005600B8 /* HandleAlamofireResponse.swift in Sources */,
				D6949A9528DF1CA0005600B8 /* ResponseError.swift in Sources */,
				D6A887FE28DFF5F3001F4667 /* MarvelCharactersWorker.swift in Sources */,
				D65F068528E0E44A0037595E /* MarvelCharactersViewController+CollectionView.swift in Sources */,
				D6A887DF28DF8006001F4667 /* CharacterStoriesResponse.swift in Sources */,
				D65F069C28E12A6B0037595E /* MarvelCharactersPresenterProtocol.swift in Sources */,
				D6A887DA28DF7C3E001F4667 /* CharactersModel.swift in Sources */,
				D65F069F28E136CE0037595E /* MarvelCharactersRouter.swift in Sources */,
				D6949A9328DF1C8C005600B8 /* APIRequestHandler.swift in Sources */,
				D65F069228E0FC400037595E /* MarvelCharactersConfigurator.swift in Sources */,
				D65F068728E0E51D0037595E /* UICollectionView+Extension.swift in Sources */,
				D6A887F828DFF58D001F4667 /* MarvelCharactersInteractor.swift in Sources */,
				D6949A9728DF1CB5005600B8 /* ServerResponse.swift in Sources */,
				D65F06A328E1466B0037595E /* HTTPMethod.swift in Sources */,
				D6A887FB28DFF5A7001F4667 /* MarvelCharactersPresenter.swift in Sources */,
				D6A887EC28DFA760001F4667 /* CharacterComicsResponse.swift in Sources */,
				D6A887EE28DFA8A8001F4667 /* CharacterEventsResponse.swift in Sources */,
				D65F069428E0FCA30037595E /* MarvelCharactersViewProtocol.swift in Sources */,
				D6949A9128DF1C7E005600B8 /* APIResponse.swift in Sources */,
				D6A887EA28DFA6C7001F4667 /* CharacterDetailsResponse.swift in Sources */,
				D65F068928E0E5340037595E /* NSObject+Extension.swift in Sources */,
				D6A887F028DFC30D001F4667 /* CharacterSeriesResponse.swift in Sources */,
				D6A887F428DFF573001F4667 /* MarvelCharactersViewController.swift in Sources */,
				D65F068E28E0F5E80037595E /* CharacterDetailsViewController.swift in Sources */,
				D65F069628E10CAB0037595E /* MarvelCharactersInteractorProtocol.swift in Sources */,
			);
			runOnlyForDeploymentPostprocessing = 0;
		};
/* End PBXSourcesBuildPhase section */

/* Begin PBXVariantGroup section */
		D6949A7828DF1AB2005600B8 /* Main.storyboard */ = {
			isa = PBXVariantGroup;
			children = (
				D6949A7928DF1AB2005600B8 /* Base */,
			);
			name = Main.storyboard;
			sourceTree = "<group>";
		};
		D6949A7D28DF1AB3005600B8 /* LaunchScreen.storyboard */ = {
			isa = PBXVariantGroup;
			children = (
				D6949A7E28DF1AB3005600B8 /* Base */,
			);
			name = LaunchScreen.storyboard;
			sourceTree = "<group>";
		};
/* End PBXVariantGroup section */

/* Begin XCBuildConfiguration section */
		D6949A8128DF1AB3005600B8 /* Debug */ = {
			isa = XCBuildConfiguration;
			buildSettings = {
				ALWAYS_SEARCH_USER_PATHS = NO;
				CLANG_ANALYZER_NONNULL = YES;
				CLANG_ANALYZER_NUMBER_OBJECT_CONVERSION = YES_AGGRESSIVE;
				CLANG_CXX_LANGUAGE_STANDARD = "gnu++20";
				CLANG_ENABLE_MODULES = YES;
				CLANG_ENABLE_OBJC_ARC = YES;
				CLANG_ENABLE_OBJC_WEAK = YES;
				CLANG_WARN_BLOCK_CAPTURE_AUTORELEASING = YES;
				CLANG_WARN_BOOL_CONVERSION = YES;
				CLANG_WARN_COMMA = YES;
				CLANG_WARN_CONSTANT_CONVERSION = YES;
				CLANG_WARN_DEPRECATED_OBJC_IMPLEMENTATIONS = YES;
				CLANG_WARN_DIRECT_OBJC_ISA_USAGE = YES_ERROR;
				CLANG_WARN_DOCUMENTATION_COMMENTS = YES;
				CLANG_WARN_EMPTY_BODY = YES;
				CLANG_WARN_ENUM_CONVERSION = YES;
				CLANG_WARN_INFINITE_RECURSION = YES;
				CLANG_WARN_INT_CONVERSION = YES;
				CLANG_WARN_NON_LITERAL_NULL_CONVERSION = YES;
				CLANG_WARN_OBJC_IMPLICIT_RETAIN_SELF = YES;
				CLANG_WARN_OBJC_LITERAL_CONVERSION = YES;
				CLANG_WARN_OBJC_ROOT_CLASS = YES_ERROR;
				CLANG_WARN_QUOTED_INCLUDE_IN_FRAMEWORK_HEADER = YES;
				CLANG_WARN_RANGE_LOOP_ANALYSIS = YES;
				CLANG_WARN_STRICT_PROTOTYPES = YES;
				CLANG_WARN_SUSPICIOUS_MOVE = YES;
				CLANG_WARN_UNGUARDED_AVAILABILITY = YES_AGGRESSIVE;
				CLANG_WARN_UNREACHABLE_CODE = YES;
				CLANG_WARN__DUPLICATE_METHOD_MATCH = YES;
				COPY_PHASE_STRIP = NO;
				DEBUG_INFORMATION_FORMAT = dwarf;
				ENABLE_STRICT_OBJC_MSGSEND = YES;
				ENABLE_TESTABILITY = YES;
				GCC_C_LANGUAGE_STANDARD = gnu11;
				GCC_DYNAMIC_NO_PIC = NO;
				GCC_NO_COMMON_BLOCKS = YES;
				GCC_OPTIMIZATION_LEVEL = 0;
				GCC_PREPROCESSOR_DEFINITIONS = (
					"DEBUG=1",
					"$(inherited)",
				);
				GCC_WARN_64_TO_32_BIT_CONVERSION = YES;
				GCC_WARN_ABOUT_RETURN_TYPE = YES_ERROR;
				GCC_WARN_UNDECLARED_SELECTOR = YES;
				GCC_WARN_UNINITIALIZED_AUTOS = YES_AGGRESSIVE;
				GCC_WARN_UNUSED_FUNCTION = YES;
				GCC_WARN_UNUSED_VARIABLE = YES;
				IPHONEOS_DEPLOYMENT_TARGET = 16.0;
				MTL_ENABLE_DEBUG_INFO = INCLUDE_SOURCE;
				MTL_FAST_MATH = YES;
				ONLY_ACTIVE_ARCH = YES;
				SDKROOT = iphoneos;
				SWIFT_ACTIVE_COMPILATION_CONDITIONS = DEBUG;
				SWIFT_OPTIMIZATION_LEVEL = "-Onone";
			};
			name = Debug;
		};
		D6949A8228DF1AB3005600B8 /* Release */ = {
			isa = XCBuildConfiguration;
			buildSettings = {
				ALWAYS_SEARCH_USER_PATHS = NO;
				CLANG_ANALYZER_NONNULL = YES;
				CLANG_ANALYZER_NUMBER_OBJECT_CONVERSION = YES_AGGRESSIVE;
				CLANG_CXX_LANGUAGE_STANDARD = "gnu++20";
				CLANG_ENABLE_MODULES = YES;
				CLANG_ENABLE_OBJC_ARC = YES;
				CLANG_ENABLE_OBJC_WEAK = YES;
				CLANG_WARN_BLOCK_CAPTURE_AUTORELEASING = YES;
				CLANG_WARN_BOOL_CONVERSION = YES;
				CLANG_WARN_COMMA = YES;
				CLANG_WARN_CONSTANT_CONVERSION = YES;
				CLANG_WARN_DEPRECATED_OBJC_IMPLEMENTATIONS = YES;
				CLANG_WARN_DIRECT_OBJC_ISA_USAGE = YES_ERROR;
				CLANG_WARN_DOCUMENTATION_COMMENTS = YES;
				CLANG_WARN_EMPTY_BODY = YES;
				CLANG_WARN_ENUM_CONVERSION = YES;
				CLANG_WARN_INFINITE_RECURSION = YES;
				CLANG_WARN_INT_CONVERSION = YES;
				CLANG_WARN_NON_LITERAL_NULL_CONVERSION = YES;
				CLANG_WARN_OBJC_IMPLICIT_RETAIN_SELF = YES;
				CLANG_WARN_OBJC_LITERAL_CONVERSION = YES;
				CLANG_WARN_OBJC_ROOT_CLASS = YES_ERROR;
				CLANG_WARN_QUOTED_INCLUDE_IN_FRAMEWORK_HEADER = YES;
				CLANG_WARN_RANGE_LOOP_ANALYSIS = YES;
				CLANG_WARN_STRICT_PROTOTYPES = YES;
				CLANG_WARN_SUSPICIOUS_MOVE = YES;
				CLANG_WARN_UNGUARDED_AVAILABILITY = YES_AGGRESSIVE;
				CLANG_WARN_UNREACHABLE_CODE = YES;
				CLANG_WARN__DUPLICATE_METHOD_MATCH = YES;
				COPY_PHASE_STRIP = NO;
				DEBUG_INFORMATION_FORMAT = "dwarf-with-dsym";
				ENABLE_NS_ASSERTIONS = NO;
				ENABLE_STRICT_OBJC_MSGSEND = YES;
				GCC_C_LANGUAGE_STANDARD = gnu11;
				GCC_NO_COMMON_BLOCKS = YES;
				GCC_WARN_64_TO_32_BIT_CONVERSION = YES;
				GCC_WARN_ABOUT_RETURN_TYPE = YES_ERROR;
				GCC_WARN_UNDECLARED_SELECTOR = YES;
				GCC_WARN_UNINITIALIZED_AUTOS = YES_AGGRESSIVE;
				GCC_WARN_UNUSED_FUNCTION = YES;
				GCC_WARN_UNUSED_VARIABLE = YES;
				IPHONEOS_DEPLOYMENT_TARGET = 16.0;
				MTL_ENABLE_DEBUG_INFO = NO;
				MTL_FAST_MATH = YES;
				SDKROOT = iphoneos;
				SWIFT_COMPILATION_MODE = wholemodule;
				SWIFT_OPTIMIZATION_LEVEL = "-O";
				VALIDATE_PRODUCT = YES;
			};
			name = Release;
		};
		D6949A8428DF1AB3005600B8 /* Debug */ = {
			isa = XCBuildConfiguration;
			baseConfigurationReference = 8C7C637789337B06856E9D10 /* Pods-TotersiOSTask.debug.xcconfig */;
			buildSettings = {
				ASSETCATALOG_COMPILER_APPICON_NAME = AppIcon;
				ASSETCATALOG_COMPILER_GLOBAL_ACCENT_COLOR_NAME = AccentColor;
				CODE_SIGN_STYLE = Automatic;
				CURRENT_PROJECT_VERSION = 1;
				DEVELOPMENT_TEAM = VWN7V85YC9;
				GENERATE_INFOPLIST_FILE = YES;
				INFOPLIST_FILE = TotersiOSTask/Info.plist;
				INFOPLIST_KEY_UIApplicationSupportsIndirectInputEvents = YES;
				INFOPLIST_KEY_UILaunchStoryboardName = LaunchScreen;
				INFOPLIST_KEY_UIMainStoryboardFile = Main;
				INFOPLIST_KEY_UISupportedInterfaceOrientations = UIInterfaceOrientationPortrait;
				INFOPLIST_KEY_UISupportedInterfaceOrientations_iPad = "UIInterfaceOrientationLandscapeLeft UIInterfaceOrientationLandscapeRight UIInterfaceOrientationPortrait UIInterfaceOrientationPortraitUpsideDown";
				IPHONEOS_DEPLOYMENT_TARGET = 13.0;
				LD_RUNPATH_SEARCH_PATHS = (
					"$(inherited)",
					"@executable_path/Frameworks",
				);
				MARKETING_VERSION = 1.0;
				PRODUCT_BUNDLE_IDENTIFIER = com.elassal.TotersiOSTask;
				PRODUCT_NAME = "$(TARGET_NAME)";
				SWIFT_EMIT_LOC_STRINGS = YES;
				SWIFT_VERSION = 5.0;
				TARGETED_DEVICE_FAMILY = "1,2";
			};
			name = Debug;
		};
		D6949A8528DF1AB3005600B8 /* Release */ = {
			isa = XCBuildConfiguration;
			baseConfigurationReference = CA843D7B0662E10BC3557750 /* Pods-TotersiOSTask.release.xcconfig */;
			buildSettings = {
				ASSETCATALOG_COMPILER_APPICON_NAME = AppIcon;
				ASSETCATALOG_COMPILER_GLOBAL_ACCENT_COLOR_NAME = AccentColor;
				CODE_SIGN_STYLE = Automatic;
				CURRENT_PROJECT_VERSION = 1;
				DEVELOPMENT_TEAM = VWN7V85YC9;
				GENERATE_INFOPLIST_FILE = YES;
				INFOPLIST_FILE = TotersiOSTask/Info.plist;
				INFOPLIST_KEY_UIApplicationSupportsIndirectInputEvents = YES;
				INFOPLIST_KEY_UILaunchStoryboardName = LaunchScreen;
				INFOPLIST_KEY_UIMainStoryboardFile = Main;
				INFOPLIST_KEY_UISupportedInterfaceOrientations = UIInterfaceOrientationPortrait;
				INFOPLIST_KEY_UISupportedInterfaceOrientations_iPad = "UIInterfaceOrientationLandscapeLeft UIInterfaceOrientationLandscapeRight UIInterfaceOrientationPortrait UIInterfaceOrientationPortraitUpsideDown";
				IPHONEOS_DEPLOYMENT_TARGET = 13.0;
				LD_RUNPATH_SEARCH_PATHS = (
					"$(inherited)",
					"@executable_path/Frameworks",
				);
				MARKETING_VERSION = 1.0;
				PRODUCT_BUNDLE_IDENTIFIER = com.elassal.TotersiOSTask;
				PRODUCT_NAME = "$(TARGET_NAME)";
				SWIFT_EMIT_LOC_STRINGS = YES;
				SWIFT_VERSION = 5.0;
				TARGETED_DEVICE_FAMILY = "1,2";
			};
			name = Release;
		};
/* End XCBuildConfiguration section */

/* Begin XCConfigurationList section */
		D6949A6A28DF1AB2005600B8 /* Build configuration list for PBXProject "TotersiOSTask" */ = {
			isa = XCConfigurationList;
			buildConfigurations = (
				D6949A8128DF1AB3005600B8 /* Debug */,
				D6949A8228DF1AB3005600B8 /* Release */,
			);
			defaultConfigurationIsVisible = 0;
			defaultConfigurationName = Release;
		};
		D6949A8328DF1AB3005600B8 /* Build configuration list for PBXNativeTarget "TotersiOSTask" */ = {
			isa = XCConfigurationList;
			buildConfigurations = (
				D6949A8428DF1AB3005600B8 /* Debug */,
				D6949A8528DF1AB3005600B8 /* Release */,
			);
			defaultConfigurationIsVisible = 0;
			defaultConfigurationName = Release;
		};
/* End XCConfigurationList section */
	};
	rootObject = D6949A6728DF1AB2005600B8 /* Project object */;
}
